
Microsoft Visual Studio Solution File, Format Version 12.00
# Visual Studio Version 17
VisualStudioVersion = 17.7.34031.279
MinimumVisualStudioVersion = 10.0.40219.1
Project("{FAE04EC0-301F-11D3-BF4B-00C04F79EFBC}") = "PDF.Data.Extractor", "src\PDF.Data.Extractor\PDF.Data.Extractor.csproj", "{087630EB-D632-47EF-914B-456025CFF48E}"
EndProject
Project("{2150E333-8FDC-42A3-9474-1A3956D46DE8}") = "Shared", "Shared", "{6CF3E8CA-DF0E-456F-8CC9-3A608A385043}"
	ProjectSection(SolutionItems) = preProject
		.editorconfig = .editorconfig
	EndProjectSection
EndProject
Project("{FAE04EC0-301F-11D3-BF4B-00C04F79EFBC}") = "PDF.Data.Extractor.Abstractions", "src\PDF.Data.Extractor.Abstractions\PDF.Data.Extractor.Abstractions.csproj", "{75D9265B-73C7-4614-9F69-ED4E861966E2}"
EndProject
Global
	GlobalSection(SolutionConfigurationPlatforms) = preSolution
		Debug|Any CPU = Debug|Any CPU
		Release|Any CPU = Release|Any CPU
	EndGlobalSection
	GlobalSection(ProjectConfigurationPlatforms) = postSolution
		{087630EB-D632-47EF-914B-456025CFF48E}.Debug|Any CPU.ActiveCfg = Debug|Any CPU
		{087630EB-D632-47EF-914B-456025CFF48E}.Debug|Any CPU.Build.0 = Debug|Any CPU
		{087630EB-D632-47EF-914B-456025CFF48E}.Release|Any CPU.ActiveCfg = Release|Any CPU
		{087630EB-D632-47EF-914B-456025CFF48E}.Release|Any CPU.Build.0 = Release|Any CPU
		{75D9265B-73C7-4614-9F69-ED4E861966E2}.Debug|Any CPU.ActiveCfg = Debug|Any CPU
		{75D9265B-73C7-4614-9F69-ED4E861966E2}.Debug|Any CPU.Build.0 = Debug|Any CPU
		{75D9265B-73C7-4614-9F69-ED4E861966E2}.Release|Any CPU.ActiveCfg = Release|Any CPU
		{75D9265B-73C7-4614-9F69-ED4E861966E2}.Release|Any CPU.Build.0 = Release|Any CPU
	EndGlobalSection
	GlobalSection(SolutionProperties) = preSolution
		HideSolutionNode = FALSE
	EndGlobalSection
	GlobalSection(ExtensibilityGlobals) = postSolution
		SolutionGuid = {B35E6C01-FB96-418B-80B7-260CBDAB0B3E}
	EndGlobalSection
EndGlobal
